
Microsoft Visual Studio Solution File, Format Version 11.00
# Visual Studio 2010
Project("{FAE04EC0-301F-11D3-BF4B-00C04F79EFBC}") = "MonkeyWrench.Scheduler", "MonkeyWrench.Scheduler\MonkeyWrench.Scheduler.csproj", "{D78E8A6F-2A80-4F3C-8F4F-42C1043ED5E2}"
EndProject
Project("{FAE04EC0-301F-11D3-BF4B-00C04F79EFBC}") = "MonkeyWrench", "MonkeyWrench\MonkeyWrench.csproj", "{EBFBC3BF-10E1-4482-B9BE-A516934C099A}"
EndProject
Project("{FAE04EC0-301F-11D3-BF4B-00C04F79EFBC}") = "MonkeyWrench.DataClasses", "MonkeyWrench.DataClasses\MonkeyWrench.DataClasses.csproj", "{A461423E-8232-42D6-AA34-8DEC97F6D8F8}"
EndProject
Project("{FAE04EC0-301F-11D3-BF4B-00C04F79EFBC}") = "MonkeyWrench.Builder", "MonkeyWrench.Builder\MonkeyWrench.Builder.csproj", "{8E126CCA-C7B2-4108-99F0-1F675C23A69B}"
EndProject
Project("{FAE04EC0-301F-11D3-BF4B-00C04F79EFBC}") = "MonkeyWrench.Web.UI", "MonkeyWrench.Web.UI\MonkeyWrench.Web.UI.csproj", "{01AAA129-3B2B-4093-A7B4-6153B6BEBED4}"
EndProject
Project("{FAE04EC0-301F-11D3-BF4B-00C04F79EFBC}") = "MonkeyWrench.Web.WebService", "MonkeyWrench.Web.WebService\MonkeyWrench.Web.WebService.csproj", "{86D06788-14A7-4962-88F0-FB58B7D34FF1}"
EndProject
Project("{FAE04EC0-301F-11D3-BF4B-00C04F79EFBC}") = "MonkeyWrench.Database", "MonkeyWrench.Database\MonkeyWrench.Database.csproj", "{1C38937B-F45F-4EB1-B4D1-893FF684C525}"
EndProject
Project("{FAE04EC0-301F-11D3-BF4B-00C04F79EFBC}") = "MonkeyWrench.Database.Manager", "MonkeyWrench.Database.Manager\MonkeyWrench.Database.Manager.csproj", "{71ACDF37-9696-42B8-B15A-5178C0C8F0E1}"
EndProject
Project("{FAE04EC0-301F-11D3-BF4B-00C04F79EFBC}") = "MonkeyWrench.Test", "MonkeyWrench.Test\MonkeyWrench.Test.csproj", "{3737EDC2-5785-424C-92BC-7013B931AF21}"
EndProject
Project("{FAE04EC0-301F-11D3-BF4B-00C04F79EFBC}") = "Newtonsoft.Json", "Newtonsoft.Json\Src\Newtonsoft.Json\Newtonsoft.Json.csproj", "{A9AE40FF-1A21-414A-9FE7-3BE13644CC6D}"
EndProject
Project("{2150E333-8FDC-42A3-9474-1A3956D46DE8}") = "ServiceStack", "ServiceStack", "{0383DE2B-50A5-449C-AAC0-4DDD753764DD}"
EndProject
Project("{FAE04EC0-301F-11D3-BF4B-00C04F79EFBC}") = "ServiceStack.Common", "ServiceStack\src\ServiceStack.Common\ServiceStack.Common.csproj", "{982416DB-C143-4028-A0C3-CF41892D18D3}"
EndProject
Project("{FAE04EC0-301F-11D3-BF4B-00C04F79EFBC}") = "ServiceStack.Interfaces", "ServiceStack\src\ServiceStack.Interfaces\ServiceStack.Interfaces.csproj", "{42E1C8C0-A163-44CC-92B1-8F416F2C0B01}"
EndProject
Project("{FAE04EC0-301F-11D3-BF4B-00C04F79EFBC}") = "ServiceStack", "ServiceStack\src\ServiceStack\ServiceStack.csproj", "{680A1709-25EB-4D52-A87F-EE03FFD94BAA}"
EndProject
Project("{FAE04EC0-301F-11D3-BF4B-00C04F79EFBC}") = "ServiceStack.Authentication.OpenId", "ServiceStack\src\ServiceStack.Authentication.OpenId\ServiceStack.Authentication.OpenId.csproj", "{6E240294-9D93-4C09-9BB0-38D82A22DEEE}"
EndProject
Project("{FAE04EC0-301F-11D3-BF4B-00C04F79EFBC}") = "ServiceStack.ServiceInterface", "ServiceStack\src\ServiceStack.ServiceInterface\ServiceStack.ServiceInterface.csproj", "{5A315F92-80D2-4C60-A5A4-22E027AC7E7E}"
EndProject
Project("{FAE04EC0-301F-11D3-BF4B-00C04F79EFBC}") = "MonkeyWrench.Web.ServiceStack", "MonkeyWrench.Web.ServiceStack\MonkeyWrench.Web.ServiceStack.csproj", "{616B7099-222A-4EF1-AA46-17156B7EA102}"
EndProject
Project("{FAE04EC0-301F-11D3-BF4B-00C04F79EFBC}") = "SmartIrc4net", "SmartIrc4net\external\SmartIrc4net.csproj", "{91D3003B-7E65-4EAF-8EE1-DA43832E7A9C}"
EndProject
Project("{FAE04EC0-301F-11D3-BF4B-00C04F79EFBC}") = "StarkSoftProxy", "SmartIrc4net\external\src\starksoftproxy\StarkSoftProxy.csproj", "{3F8CF2C1-EA37-444F-8693-A3A00B1131D2}"
EndProject
Global
	GlobalSection(SolutionConfigurationPlatforms) = preSolution
		Debug|Any CPU = Debug|Any CPU
		Release|Any CPU = Release|Any CPU
		STATIC_ONLY NO_EXPRESSIONS|Any CPU = STATIC_ONLY NO_EXPRESSIONS|Any CPU
		MonoTouch|Any CPU = MonoTouch|Any CPU
		MONOTOUCH|Any CPU = MONOTOUCH|Any CPU
		DEBUG MONO|Any CPU = DEBUG MONO|Any CPU
	EndGlobalSection
	GlobalSection(ProjectConfigurationPlatforms) = postSolution
		{01AAA129-3B2B-4093-A7B4-6153B6BEBED4}.Debug|Any CPU.ActiveCfg = Debug|Any CPU
		{01AAA129-3B2B-4093-A7B4-6153B6BEBED4}.Debug|Any CPU.Build.0 = Debug|Any CPU
		{01AAA129-3B2B-4093-A7B4-6153B6BEBED4}.Release|Any CPU.ActiveCfg = Release|Any CPU
		{01AAA129-3B2B-4093-A7B4-6153B6BEBED4}.Release|Any CPU.Build.0 = Release|Any CPU
		{1C38937B-F45F-4EB1-B4D1-893FF684C525}.Debug|Any CPU.ActiveCfg = Debug|Any CPU
		{1C38937B-F45F-4EB1-B4D1-893FF684C525}.Debug|Any CPU.Build.0 = Debug|Any CPU
		{1C38937B-F45F-4EB1-B4D1-893FF684C525}.Release|Any CPU.ActiveCfg = Release|Any CPU
		{1C38937B-F45F-4EB1-B4D1-893FF684C525}.Release|Any CPU.Build.0 = Release|Any CPU
		{3737EDC2-5785-424C-92BC-7013B931AF21}.Debug|Any CPU.ActiveCfg = Debug|Any CPU
		{3737EDC2-5785-424C-92BC-7013B931AF21}.Debug|Any CPU.Build.0 = Debug|Any CPU
		{3737EDC2-5785-424C-92BC-7013B931AF21}.Release|Any CPU.ActiveCfg = Release|Any CPU
		{3737EDC2-5785-424C-92BC-7013B931AF21}.Release|Any CPU.Build.0 = Release|Any CPU
		{3F8CF2C1-EA37-444F-8693-A3A00B1131D2}.DEBUG MONO|Any CPU.ActiveCfg = Debug|Any CPU
		{3F8CF2C1-EA37-444F-8693-A3A00B1131D2}.DEBUG MONO|Any CPU.Build.0 = Debug|Any CPU
		{3F8CF2C1-EA37-444F-8693-A3A00B1131D2}.Debug|Any CPU.ActiveCfg = Debug|Any CPU
		{3F8CF2C1-EA37-444F-8693-A3A00B1131D2}.Debug|Any CPU.Build.0 = Debug|Any CPU
		{3F8CF2C1-EA37-444F-8693-A3A00B1131D2}.MONOTOUCH|Any CPU.ActiveCfg = Debug|Any CPU
		{3F8CF2C1-EA37-444F-8693-A3A00B1131D2}.MonoTouch|Any CPU.ActiveCfg = Debug|Any CPU
		{3F8CF2C1-EA37-444F-8693-A3A00B1131D2}.MONOTOUCH|Any CPU.Build.0 = Debug|Any CPU
		{3F8CF2C1-EA37-444F-8693-A3A00B1131D2}.MonoTouch|Any CPU.Build.0 = Debug|Any CPU
		{3F8CF2C1-EA37-444F-8693-A3A00B1131D2}.Release|Any CPU.ActiveCfg = Release|Any CPU
		{3F8CF2C1-EA37-444F-8693-A3A00B1131D2}.Release|Any CPU.Build.0 = Release|Any CPU
		{3F8CF2C1-EA37-444F-8693-A3A00B1131D2}.STATIC_ONLY NO_EXPRESSIONS|Any CPU.ActiveCfg = Debug|Any CPU
		{3F8CF2C1-EA37-444F-8693-A3A00B1131D2}.STATIC_ONLY NO_EXPRESSIONS|Any CPU.Build.0 = Debug|Any CPU
		{42E1C8C0-A163-44CC-92B1-8F416F2C0B01}.Debug|Any CPU.ActiveCfg = Debug|Any CPU
		{42E1C8C0-A163-44CC-92B1-8F416F2C0B01}.Debug|Any CPU.Build.0 = Debug|Any CPU
		{42E1C8C0-A163-44CC-92B1-8F416F2C0B01}.MonoTouch|Any CPU.ActiveCfg = Debug|Any CPU
		{42E1C8C0-A163-44CC-92B1-8F416F2C0B01}.MONOTOUCH|Any CPU.ActiveCfg = MONOTOUCH|Any CPU
		{42E1C8C0-A163-44CC-92B1-8F416F2C0B01}.MonoTouch|Any CPU.Build.0 = Debug|Any CPU
		{42E1C8C0-A163-44CC-92B1-8F416F2C0B01}.MONOTOUCH|Any CPU.Build.0 = MONOTOUCH|Any CPU
		{42E1C8C0-A163-44CC-92B1-8F416F2C0B01}.Release|Any CPU.ActiveCfg = Release|Any CPU
		{42E1C8C0-A163-44CC-92B1-8F416F2C0B01}.Release|Any CPU.Build.0 = Release|Any CPU
		{42E1C8C0-A163-44CC-92B1-8F416F2C0B01}.STATIC_ONLY NO_EXPRESSIONS|Any CPU.ActiveCfg = Debug|Any CPU
		{42E1C8C0-A163-44CC-92B1-8F416F2C0B01}.STATIC_ONLY NO_EXPRESSIONS|Any CPU.Build.0 = Debug|Any CPU
		{5A315F92-80D2-4C60-A5A4-22E027AC7E7E}.DEBUG MONO|Any CPU.ActiveCfg = Debug|Any CPU
		{5A315F92-80D2-4C60-A5A4-22E027AC7E7E}.DEBUG MONO|Any CPU.Build.0 = Debug|Any CPU
		{5A315F92-80D2-4C60-A5A4-22E027AC7E7E}.Debug|Any CPU.ActiveCfg = Debug|Any CPU
		{5A315F92-80D2-4C60-A5A4-22E027AC7E7E}.Debug|Any CPU.Build.0 = Debug|Any CPU
		{5A315F92-80D2-4C60-A5A4-22E027AC7E7E}.MONOTOUCH|Any CPU.ActiveCfg = Debug|Any CPU
		{5A315F92-80D2-4C60-A5A4-22E027AC7E7E}.MonoTouch|Any CPU.ActiveCfg = MonoTouch|Any CPU
		{5A315F92-80D2-4C60-A5A4-22E027AC7E7E}.MONOTOUCH|Any CPU.Build.0 = Debug|Any CPU
		{5A315F92-80D2-4C60-A5A4-22E027AC7E7E}.MonoTouch|Any CPU.Build.0 = MonoTouch|Any CPU
		{5A315F92-80D2-4C60-A5A4-22E027AC7E7E}.Release|Any CPU.ActiveCfg = Release|Any CPU
		{5A315F92-80D2-4C60-A5A4-22E027AC7E7E}.Release|Any CPU.Build.0 = Release|Any CPU
		{5A315F92-80D2-4C60-A5A4-22E027AC7E7E}.STATIC_ONLY NO_EXPRESSIONS|Any CPU.ActiveCfg = STATIC_ONLY NO_EXPRESSIONS|Any CPU
		{5A315F92-80D2-4C60-A5A4-22E027AC7E7E}.STATIC_ONLY NO_EXPRESSIONS|Any CPU.Build.0 = STATIC_ONLY NO_EXPRESSIONS|Any CPU
		{616B7099-222A-4EF1-AA46-17156B7EA102}.DEBUG MONO|Any CPU.ActiveCfg = Debug|Any CPU
		{616B7099-222A-4EF1-AA46-17156B7EA102}.DEBUG MONO|Any CPU.Build.0 = Debug|Any CPU
		{616B7099-222A-4EF1-AA46-17156B7EA102}.Debug|Any CPU.ActiveCfg = Debug|Any CPU
		{616B7099-222A-4EF1-AA46-17156B7EA102}.Debug|Any CPU.Build.0 = Debug|Any CPU
		{616B7099-222A-4EF1-AA46-17156B7EA102}.MonoTouch|Any CPU.ActiveCfg = Debug|Any CPU
		{616B7099-222A-4EF1-AA46-17156B7EA102}.MONOTOUCH|Any CPU.ActiveCfg = Debug|Any CPU
		{616B7099-222A-4EF1-AA46-17156B7EA102}.MONOTOUCH|Any CPU.Build.0 = Debug|Any CPU
		{616B7099-222A-4EF1-AA46-17156B7EA102}.MonoTouch|Any CPU.Build.0 = Debug|Any CPU
		{616B7099-222A-4EF1-AA46-17156B7EA102}.Release|Any CPU.ActiveCfg = Release|Any CPU
		{616B7099-222A-4EF1-AA46-17156B7EA102}.Release|Any CPU.Build.0 = Release|Any CPU
		{616B7099-222A-4EF1-AA46-17156B7EA102}.STATIC_ONLY NO_EXPRESSIONS|Any CPU.ActiveCfg = Debug|Any CPU
		{616B7099-222A-4EF1-AA46-17156B7EA102}.STATIC_ONLY NO_EXPRESSIONS|Any CPU.Build.0 = Debug|Any CPU
		{680A1709-25EB-4D52-A87F-EE03FFD94BAA}.DEBUG MONO|Any CPU.ActiveCfg = DEBUG MONO|Any CPU
		{680A1709-25EB-4D52-A87F-EE03FFD94BAA}.DEBUG MONO|Any CPU.Build.0 = DEBUG MONO|Any CPU
		{680A1709-25EB-4D52-A87F-EE03FFD94BAA}.Debug|Any CPU.ActiveCfg = Debug|Any CPU
		{680A1709-25EB-4D52-A87F-EE03FFD94BAA}.Debug|Any CPU.Build.0 = Debug|Any CPU
		{680A1709-25EB-4D52-A87F-EE03FFD94BAA}.MonoTouch|Any CPU.ActiveCfg = Debug|Any CPU
		{680A1709-25EB-4D52-A87F-EE03FFD94BAA}.MONOTOUCH|Any CPU.ActiveCfg = MONOTOUCH|Any CPU
		{680A1709-25EB-4D52-A87F-EE03FFD94BAA}.MonoTouch|Any CPU.Build.0 = Debug|Any CPU
		{680A1709-25EB-4D52-A87F-EE03FFD94BAA}.MONOTOUCH|Any CPU.Build.0 = MONOTOUCH|Any CPU
		{680A1709-25EB-4D52-A87F-EE03FFD94BAA}.Release|Any CPU.ActiveCfg = Release|Any CPU
		{680A1709-25EB-4D52-A87F-EE03FFD94BAA}.Release|Any CPU.Build.0 = Release|Any CPU
		{680A1709-25EB-4D52-A87F-EE03FFD94BAA}.STATIC_ONLY NO_EXPRESSIONS|Any CPU.ActiveCfg = Debug|Any CPU
		{680A1709-25EB-4D52-A87F-EE03FFD94BAA}.STATIC_ONLY NO_EXPRESSIONS|Any CPU.Build.0 = Debug|Any CPU
		{6E240294-9D93-4C09-9BB0-38D82A22DEEE}.DEBUG MONO|Any CPU.ActiveCfg = Debug|Any CPU
		{6E240294-9D93-4C09-9BB0-38D82A22DEEE}.DEBUG MONO|Any CPU.Build.0 = Debug|Any CPU
		{6E240294-9D93-4C09-9BB0-38D82A22DEEE}.Debug|Any CPU.ActiveCfg = Debug|Any CPU
		{6E240294-9D93-4C09-9BB0-38D82A22DEEE}.Debug|Any CPU.Build.0 = Debug|Any CPU
		{6E240294-9D93-4C09-9BB0-38D82A22DEEE}.MonoTouch|Any CPU.ActiveCfg = Debug|Any CPU
		{6E240294-9D93-4C09-9BB0-38D82A22DEEE}.MONOTOUCH|Any CPU.ActiveCfg = Debug|Any CPU
		{6E240294-9D93-4C09-9BB0-38D82A22DEEE}.MONOTOUCH|Any CPU.Build.0 = Debug|Any CPU
		{6E240294-9D93-4C09-9BB0-38D82A22DEEE}.MonoTouch|Any CPU.Build.0 = Debug|Any CPU
		{6E240294-9D93-4C09-9BB0-38D82A22DEEE}.Release|Any CPU.ActiveCfg = Release|Any CPU
		{6E240294-9D93-4C09-9BB0-38D82A22DEEE}.Release|Any CPU.Build.0 = Release|Any CPU
		{6E240294-9D93-4C09-9BB0-38D82A22DEEE}.STATIC_ONLY NO_EXPRESSIONS|Any CPU.ActiveCfg = Debug|Any CPU
		{6E240294-9D93-4C09-9BB0-38D82A22DEEE}.STATIC_ONLY NO_EXPRESSIONS|Any CPU.Build.0 = Debug|Any CPU
		{71ACDF37-9696-42B8-B15A-5178C0C8F0E1}.Debug|Any CPU.ActiveCfg = Debug|Any CPU
		{71ACDF37-9696-42B8-B15A-5178C0C8F0E1}.Debug|Any CPU.Build.0 = Debug|Any CPU
		{71ACDF37-9696-42B8-B15A-5178C0C8F0E1}.Release|Any CPU.ActiveCfg = Release|Any CPU
		{71ACDF37-9696-42B8-B15A-5178C0C8F0E1}.Release|Any CPU.Build.0 = Release|Any CPU
		{86D06788-14A7-4962-88F0-FB58B7D34FF1}.Debug|Any CPU.ActiveCfg = Debug|Any CPU
		{86D06788-14A7-4962-88F0-FB58B7D34FF1}.Debug|Any CPU.Build.0 = Debug|Any CPU
		{86D06788-14A7-4962-88F0-FB58B7D34FF1}.Release|Any CPU.ActiveCfg = Release|Any CPU
		{86D06788-14A7-4962-88F0-FB58B7D34FF1}.Release|Any CPU.Build.0 = Release|Any CPU
		{8E126CCA-C7B2-4108-99F0-1F675C23A69B}.Debug|Any CPU.ActiveCfg = Debug|Any CPU
		{8E126CCA-C7B2-4108-99F0-1F675C23A69B}.Debug|Any CPU.Build.0 = Debug|Any CPU
		{8E126CCA-C7B2-4108-99F0-1F675C23A69B}.Release|Any CPU.ActiveCfg = Release|Any CPU
		{8E126CCA-C7B2-4108-99F0-1F675C23A69B}.Release|Any CPU.Build.0 = Release|Any CPU
		{91D3003B-7E65-4EAF-8EE1-DA43832E7A9C}.DEBUG MONO|Any CPU.ActiveCfg = Debug|Any CPU
		{91D3003B-7E65-4EAF-8EE1-DA43832E7A9C}.DEBUG MONO|Any CPU.Build.0 = Debug|Any CPU
		{91D3003B-7E65-4EAF-8EE1-DA43832E7A9C}.Debug|Any CPU.ActiveCfg = Debug|Any CPU
		{91D3003B-7E65-4EAF-8EE1-DA43832E7A9C}.Debug|Any CPU.Build.0 = Debug|Any CPU
		{91D3003B-7E65-4EAF-8EE1-DA43832E7A9C}.MONOTOUCH|Any CPU.ActiveCfg = Debug|Any CPU
		{91D3003B-7E65-4EAF-8EE1-DA43832E7A9C}.MonoTouch|Any CPU.ActiveCfg = Debug|Any CPU
		{91D3003B-7E65-4EAF-8EE1-DA43832E7A9C}.MonoTouch|Any CPU.Build.0 = Debug|Any CPU
		{91D3003B-7E65-4EAF-8EE1-DA43832E7A9C}.MONOTOUCH|Any CPU.Build.0 = Debug|Any CPU
		{91D3003B-7E65-4EAF-8EE1-DA43832E7A9C}.Release|Any CPU.ActiveCfg = Release|Any CPU
		{91D3003B-7E65-4EAF-8EE1-DA43832E7A9C}.Release|Any CPU.Build.0 = Release|Any CPU
		{91D3003B-7E65-4EAF-8EE1-DA43832E7A9C}.STATIC_ONLY NO_EXPRESSIONS|Any CPU.ActiveCfg = Debug|Any CPU
		{91D3003B-7E65-4EAF-8EE1-DA43832E7A9C}.STATIC_ONLY NO_EXPRESSIONS|Any CPU.Build.0 = Debug|Any CPU
		{982416DB-C143-4028-A0C3-CF41892D18D3}.Debug|Any CPU.ActiveCfg = Debug|Any CPU
		{982416DB-C143-4028-A0C3-CF41892D18D3}.Debug|Any CPU.Build.0 = Debug|Any CPU
		{982416DB-C143-4028-A0C3-CF41892D18D3}.MonoTouch|Any CPU.ActiveCfg = MonoTouch|Any CPU
		{982416DB-C143-4028-A0C3-CF41892D18D3}.MonoTouch|Any CPU.Build.0 = MonoTouch|Any CPU
		{982416DB-C143-4028-A0C3-CF41892D18D3}.Release|Any CPU.ActiveCfg = Release|Any CPU
		{982416DB-C143-4028-A0C3-CF41892D18D3}.Release|Any CPU.Build.0 = Release|Any CPU
		{982416DB-C143-4028-A0C3-CF41892D18D3}.STATIC_ONLY NO_EXPRESSIONS|Any CPU.ActiveCfg = STATIC_ONLY NO_EXPRESSIONS|Any CPU
		{982416DB-C143-4028-A0C3-CF41892D18D3}.STATIC_ONLY NO_EXPRESSIONS|Any CPU.Build.0 = STATIC_ONLY NO_EXPRESSIONS|Any CPU
		{A461423E-8232-42D6-AA34-8DEC97F6D8F8}.Debug|Any CPU.ActiveCfg = Debug|Any CPU
		{A461423E-8232-42D6-AA34-8DEC97F6D8F8}.Debug|Any CPU.Build.0 = Debug|Any CPU
		{A461423E-8232-42D6-AA34-8DEC97F6D8F8}.Release|Any CPU.ActiveCfg = Release|Any CPU
		{A461423E-8232-42D6-AA34-8DEC97F6D8F8}.Release|Any CPU.Build.0 = Release|Any CPU
		{A9AE40FF-1A21-414A-9FE7-3BE13644CC6D}.Debug|Any CPU.ActiveCfg = Debug|Any CPU
		{A9AE40FF-1A21-414A-9FE7-3BE13644CC6D}.Debug|Any CPU.Build.0 = Debug|Any CPU
		{A9AE40FF-1A21-414A-9FE7-3BE13644CC6D}.Release|Any CPU.ActiveCfg = Release|Any CPU
		{A9AE40FF-1A21-414A-9FE7-3BE13644CC6D}.Release|Any CPU.Build.0 = Release|Any CPU
		{D78E8A6F-2A80-4F3C-8F4F-42C1043ED5E2}.Debug|Any CPU.ActiveCfg = Debug|Any CPU
		{D78E8A6F-2A80-4F3C-8F4F-42C1043ED5E2}.Debug|Any CPU.Build.0 = Debug|Any CPU
		{D78E8A6F-2A80-4F3C-8F4F-42C1043ED5E2}.Release|Any CPU.ActiveCfg = Release|Any CPU
		{D78E8A6F-2A80-4F3C-8F4F-42C1043ED5E2}.Release|Any CPU.Build.0 = Release|Any CPU
		{EBFBC3BF-10E1-4482-B9BE-A516934C099A}.Debug|Any CPU.ActiveCfg = Debug|Any CPU
		{EBFBC3BF-10E1-4482-B9BE-A516934C099A}.Debug|Any CPU.Build.0 = Debug|Any CPU
		{EBFBC3BF-10E1-4482-B9BE-A516934C099A}.Release|Any CPU.ActiveCfg = Release|Any CPU
		{EBFBC3BF-10E1-4482-B9BE-A516934C099A}.Release|Any CPU.Build.0 = Release|Any CPU
	EndGlobalSection
	GlobalSection(NestedProjects) = preSolution
		{982416DB-C143-4028-A0C3-CF41892D18D3} = {0383DE2B-50A5-449C-AAC0-4DDD753764DD}
		{42E1C8C0-A163-44CC-92B1-8F416F2C0B01} = {0383DE2B-50A5-449C-AAC0-4DDD753764DD}
		{680A1709-25EB-4D52-A87F-EE03FFD94BAA} = {0383DE2B-50A5-449C-AAC0-4DDD753764DD}
		{6E240294-9D93-4C09-9BB0-38D82A22DEEE} = {0383DE2B-50A5-449C-AAC0-4DDD753764DD}
		{5A315F92-80D2-4C60-A5A4-22E027AC7E7E} = {0383DE2B-50A5-449C-AAC0-4DDD753764DD}
	EndGlobalSection
	GlobalSection(MonoDevelopProperties) = preSolution
		StartupItem = MonkeyWrench.Scheduler\MonkeyWrench.Scheduler.csproj
		Policies = $0
		$0.VersionControlPolicy = $1
		$1.CommitMessageStyle = $2
		$2.Header = @${Date:yyyy-MM-dd}  ${AuthorName}  <${AuthorEmail}>\n\n
		$2.Indent = @\t
		$1.inheritsSet = Mono
		$0.ChangeLogPolicy = $3
		$3.UpdateMode = Nearest
		$3.VcsIntegration = RequireEntry
		$3.inheritsSet = Mono
	EndGlobalSection
EndGlobal
